
Microsoft Visual Studio Solution File, Format Version 12.00
# Visual Studio Version 17
VisualStudioVersion = 17.0.31903.59
MinimumVisualStudioVersion = 10.0.40219.1
Project("{FAE04EC0-301F-11D3-BF4B-00C04F79EFBC}") = "BankUPG.API", "BankUPG.API\BankUPG.API.csproj", "{56580ED4-720E-4C5C-AD4A-750CE0363921}"
EndProject
Project("{FAE04EC0-301F-11D3-BF4B-00C04F79EFBC}") = "BankUPG.Application", "BankUPG.Application\BankUPG.Application.csproj", "{E4201A8B-5F46-43A1-AC6C-62E604E03B8C}"
EndProject
Project("{FAE04EC0-301F-11D3-BF4B-00C04F79EFBC}") = "BankUPG.Infrastructure", "BankUPG.Infrastructure\BankUPG.Infrastructure.csproj", "{689DF9DD-DA08-4B7F-A52F-A197AB815AAF}"
EndProject
Project("{FAE04EC0-301F-11D3-BF4B-00C04F79EFBC}") = "BankUPG.SharedKernal", "BankUPG.SharedKernal\BankUPG.SharedKernal.csproj", "{82C1FBBF-B859-4271-ADD1-9CEBC733F196}"
EndProject
Global
	GlobalSection(SolutionConfigurationPlatforms) = preSolution
		Debug|Any CPU = Debug|Any CPU
		Debug|x64 = Debug|x64
		Debug|x86 = Debug|x86
		Release|Any CPU = Release|Any CPU
		Release|x64 = Release|x64
		Release|x86 = Release|x86
	EndGlobalSection
	GlobalSection(ProjectConfigurationPlatforms) = postSolution
		{56580ED4-720E-4C5C-AD4A-750CE0363921}.Debug|Any CPU.ActiveCfg = Debug|Any CPU
		{56580ED4-720E-4C5C-AD4A-750CE0363921}.Debug|Any CPU.Build.0 = Debug|Any CPU
		{56580ED4-720E-4C5C-AD4A-750CE0363921}.Debug|x64.ActiveCfg = Debug|Any CPU
		{56580ED4-720E-4C5C-AD4A-750CE0363921}.Debug|x64.Build.0 = Debug|Any CPU
		{56580ED4-720E-4C5C-AD4A-750CE0363921}.Debug|x86.ActiveCfg = Debug|Any CPU
		{56580ED4-720E-4C5C-AD4A-750CE0363921}.Debug|x86.Build.0 = Debug|Any CPU
		{56580ED4-720E-4C5C-AD4A-750CE0363921}.Release|Any CPU.ActiveCfg = Release|Any CPU
		{56580ED4-720E-4C5C-AD4A-750CE0363921}.Release|Any CPU.Build.0 = Release|Any CPU
		{56580ED4-720E-4C5C-AD4A-750CE0363921}.Release|x64.ActiveCfg = Release|Any CPU
		{56580ED4-720E-4C5C-AD4A-750CE0363921}.Release|x64.Build.0 = Release|Any CPU
		{56580ED4-720E-4C5C-AD4A-750CE0363921}.Release|x86.ActiveCfg = Release|Any CPU
		{56580ED4-720E-4C5C-AD4A-750CE0363921}.Release|x86.Build.0 = Release|Any CPU
		{E4201A8B-5F46-43A1-AC6C-62E604E03B8C}.Debug|Any CPU.ActiveCfg = Debug|Any CPU
		{E4201A8B-5F46-43A1-AC6C-62E604E03B8C}.Debug|Any CPU.Build.0 = Debug|Any CPU
		{E4201A8B-5F46-43A1-AC6C-62E604E03B8C}.Debug|x64.ActiveCfg = Debug|Any CPU
		{E4201A8B-5F46-43A1-AC6C-62E604E03B8C}.Debug|x64.Build.0 = Debug|Any CPU
		{E4201A8B-5F46-43A1-AC6C-62E604E03B8C}.Debug|x86.ActiveCfg = Debug|Any CPU
		{E4201A8B-5F46-43A1-AC6C-62E604E03B8C}.Debug|x86.Build.0 = Debug|Any CPU
		{E4201A8B-5F46-43A1-AC6C-62E604E03B8C}.Release|Any CPU.ActiveCfg = Release|Any CPU
		{E4201A8B-5F46-43A1-AC6C-62E604E03B8C}.Release|Any CPU.Build.0 = Release|Any CPU
		{E4201A8B-5F46-43A1-AC6C-62E604E03B8C}.Release|x64.ActiveCfg = Release|Any CPU
		{E4201A8B-5F46-43A1-AC6C-62E604E03B8C}.Release|x64.Build.0 = Release|Any CPU
		{E4201A8B-5F46-43A1-AC6C-62E604E03B8C}.Release|x86.ActiveCfg = Release|Any CPU
		{E4201A8B-5F46-43A1-AC6C-62E604E03B8C}.Release|x86.Build.0 = Release|Any CPU
		{689DF9DD-DA08-4B7F-A52F-A197AB815AAF}.Debug|Any CPU.ActiveCfg = Debug|Any CPU
		{689DF9DD-DA08-4B7F-A52F-A197AB815AAF}.Debug|Any CPU.Build.0 = Debug|Any CPU
		{689DF9DD-DA08-4B7F-A52F-A197AB815AAF}.Debug|x64.ActiveCfg = Debug|Any CPU
		{689DF9DD-DA08-4B7F-A52F-A197AB815AAF}.Debug|x64.Build.0 = Debug|Any CPU
		{689DF9DD-DA08-4B7F-A52F-A197AB815AAF}.Debug|x86.ActiveCfg = Debug|Any CPU
		{689DF9DD-DA08-4B7F-A52F-A197AB815AAF}.Debug|x86.Build.0 = Debug|Any CPU
		{689DF9DD-DA08-4B7F-A52F-A197AB815AAF}.Release|Any CPU.ActiveCfg = Release|Any CPU
		{689DF9DD-DA08-4B7F-A52F-A197AB815AAF}.Release|Any CPU.Build.0 = Release|Any CPU
		{689DF9DD-DA08-4B7F-A52F-A197AB815AAF}.Release|x64.ActiveCfg = Release|Any CPU
		{689DF9DD-DA08-4B7F-A52F-A197AB815AAF}.Release|x64.Build.0 = Release|Any CPU
		{689DF9DD-DA08-4B7F-A52F-A197AB815AAF}.Release|x86.ActiveCfg = Release|Any CPU
		{689DF9DD-DA08-4B7F-A52F-A197AB815AAF}.Release|x86.Build.0 = Release|Any CPU
		{82C1FBBF-B859-4271-ADD1-9CEBC733F196}.Debug|Any CPU.ActiveCfg = Debug|Any CPU
		{82C1FBBF-B859-4271-ADD1-9CEBC733F196}.Debug|Any CPU.Build.0 = Debug|Any CPU
		{82C1FBBF-B859-4271-ADD1-9CEBC733F196}.Debug|x64.ActiveCfg = Debug|Any CPU
		{82C1FBBF-B859-4271-ADD1-9CEBC733F196}.Debug|x64.Build.0 = Debug|Any CPU
		{82C1FBBF-B859-4271-ADD1-9CEBC733F196}.Debug|x86.ActiveCfg = Debug|Any CPU
		{82C1FBBF-B859-4271-ADD1-9CEBC733F196}.Debug|x86.Build.0 = Debug|Any CPU
		{82C1FBBF-B859-4271-ADD1-9CEBC733F196}.Release|Any CPU.ActiveCfg = Release|Any CPU
		{82C1FBBF-B859-4271-ADD1-9CEBC733F196}.Release|Any CPU.Build.0 = Release|Any CPU
		{82C1FBBF-B859-4271-ADD1-9CEBC733F196}.Release|x64.ActiveCfg = Release|Any CPU
		{82C1FBBF-B859-4271-ADD1-9CEBC733F196}.Release|x64.Build.0 = Release|Any CPU
		{82C1FBBF-B859-4271-ADD1-9CEBC733F196}.Release|x86.ActiveCfg = Release|Any CPU
		{82C1FBBF-B859-4271-ADD1-9CEBC733F196}.Release|x86.Build.0 = Release|Any CPU
	EndGlobalSection
	GlobalSection(SolutionProperties) = preSolution
		HideSolutionNode = FALSE
	EndGlobalSection
EndGlobal
